
Microsoft Visual Studio Solution File, Format Version 12.00
# Visual Studio Version 16
VisualStudioVersion = 16.0.31424.327
MinimumVisualStudioVersion = 10.0.40219.1
Project("{FAE04EC0-301F-11D3-BF4B-00C04F79EFBC}") = "Skynetz.CalculoTarifario.Web", "Skynetz.CalculoTarifario\Skynetz.CalculoTarifario.Web.csproj", "{B5D06E2A-E20F-4D0E-A243-B17277E97C08}"
EndProject
Project("{FAE04EC0-301F-11D3-BF4B-00C04F79EFBC}") = "Skynetz.CalculoTarifario.Tests", "Skynetz.CalculoTarifario.Tests\Skynetz.CalculoTarifario.Tests.csproj", "{4AC9DBF9-EE45-4D6C-B742-D960FC6C1CF2}"
EndProject
Project("{FAE04EC0-301F-11D3-BF4B-00C04F79EFBC}") = "Skynetz.CalculoTarifario.Domain", "Skynetz.CalculoTarifario.Domain\Skynetz.CalculoTarifario.Domain.csproj", "{DDDA5709-3E09-44F3-98AF-E170E2E79801}"
EndProject
Project("{FAE04EC0-301F-11D3-BF4B-00C04F79EFBC}") = "Skynetz.CalculoTarifario.Infrastructure", "Skynetz.CalculoTarifario.Infrastructure\Skynetz.CalculoTarifario.Infrastructure.csproj", "{E131CEBC-B761-4804-94C3-06D7A6A19374}"
EndProject
Global
	GlobalSection(SolutionConfigurationPlatforms) = preSolution
		Debug|Any CPU = Debug|Any CPU
		Release|Any CPU = Release|Any CPU
	EndGlobalSection
	GlobalSection(ProjectConfigurationPlatforms) = postSolution
		{B5D06E2A-E20F-4D0E-A243-B17277E97C08}.Debug|Any CPU.ActiveCfg = Debug|Any CPU
		{B5D06E2A-E20F-4D0E-A243-B17277E97C08}.Debug|Any CPU.Build.0 = Debug|Any CPU
		{B5D06E2A-E20F-4D0E-A243-B17277E97C08}.Release|Any CPU.ActiveCfg = Release|Any CPU
		{B5D06E2A-E20F-4D0E-A243-B17277E97C08}.Release|Any CPU.Build.0 = Release|Any CPU
		{4AC9DBF9-EE45-4D6C-B742-D960FC6C1CF2}.Debug|Any CPU.ActiveCfg = Debug|Any CPU
		{4AC9DBF9-EE45-4D6C-B742-D960FC6C1CF2}.Debug|Any CPU.Build.0 = Debug|Any CPU
		{4AC9DBF9-EE45-4D6C-B742-D960FC6C1CF2}.Release|Any CPU.ActiveCfg = Release|Any CPU
		{4AC9DBF9-EE45-4D6C-B742-D960FC6C1CF2}.Release|Any CPU.Build.0 = Release|Any CPU
		{DDDA5709-3E09-44F3-98AF-E170E2E79801}.Debug|Any CPU.ActiveCfg = Debug|Any CPU
		{DDDA5709-3E09-44F3-98AF-E170E2E79801}.Debug|Any CPU.Build.0 = Debug|Any CPU
		{DDDA5709-3E09-44F3-98AF-E170E2E79801}.Release|Any CPU.ActiveCfg = Release|Any CPU
		{DDDA5709-3E09-44F3-98AF-E170E2E79801}.Release|Any CPU.Build.0 = Release|Any CPU
		{E131CEBC-B761-4804-94C3-06D7A6A19374}.Debug|Any CPU.ActiveCfg = Debug|Any CPU
		{E131CEBC-B761-4804-94C3-06D7A6A19374}.Debug|Any CPU.Build.0 = Debug|Any CPU
		{E131CEBC-B761-4804-94C3-06D7A6A19374}.Release|Any CPU.ActiveCfg = Release|Any CPU
		{E131CEBC-B761-4804-94C3-06D7A6A19374}.Release|Any CPU.Build.0 = Release|Any CPU
	EndGlobalSection
	GlobalSection(SolutionProperties) = preSolution
		HideSolutionNode = FALSE
	EndGlobalSection
	GlobalSection(ExtensibilityGlobals) = postSolution
		SolutionGuid = {4864F6B4-B544-4924-99EE-2CE49E9BBEA1}
	EndGlobalSection
EndGlobal
